// !$*UTF8*$!
{
	archiveVersion = 1;
	classes = {
	};
	objectVersion = 56;
	objects = {

/* Begin PBXBuildFile section */
		72401A892CA92D0400EB2E08 /* landing.swift in Sources */ = {isa = PBXBuildFile; fileRef = 72401A882CA92D0400EB2E08 /* landing.swift */; };
		726F7ECA2CAD044100847434 /* WeHRView.swift in Sources */ = {isa = PBXBuildFile; fileRef = 726F7EC92CAD044100847434 /* WeHRView.swift */; };
		7285CB4C2CA65ACF00198703 /* WeHRApp.swift in Sources */ = {isa = PBXBuildFile; fileRef = 7285CB4B2CA65ACF00198703 /* WeHRApp.swift */; };
		7285CB502CA65AD000198703 /* Assets.xcassets in Resources */ = {isa = PBXBuildFile; fileRef = 7285CB4F2CA65AD000198703 /* Assets.xcassets */; };
		7285CB532CA65AD000198703 /* Preview Assets.xcassets in Resources */ = {isa = PBXBuildFile; fileRef = 7285CB522CA65AD000198703 /* Preview Assets.xcassets */; };
		7285CB5D2CA65AD000198703 /* WeHRTests.swift in Sources */ = {isa = PBXBuildFile; fileRef = 7285CB5C2CA65AD000198703 /* WeHRTests.swift */; };
		7285CB672CA65AD000198703 /* WeHRUITests.swift in Sources */ = {isa = PBXBuildFile; fileRef = 7285CB662CA65AD000198703 /* WeHRUITests.swift */; };
		7285CB692CA65AD000198703 /* WeHRUITestsLaunchTests.swift in Sources */ = {isa = PBXBuildFile; fileRef = 7285CB682CA65AD000198703 /* WeHRUITestsLaunchTests.swift */; };
		72B05D4B2CB3CFAD00B5F16B /* CustomColor.swift in Sources */ = {isa = PBXBuildFile; fileRef = 72B05D402CB3CFAD00B5F16B /* CustomColor.swift */; };
		72B05D4C2CB3CFAD00B5F16B /* MyColor.swift in Sources */ = {isa = PBXBuildFile; fileRef = 72B05D412CB3CFAD00B5F16B /* MyColor.swift */; };
		72B05D4D2CB3CFAD00B5F16B /* Font.swift in Sources */ = {isa = PBXBuildFile; fileRef = 72B05D432CB3CFAD00B5F16B /* Font.swift */; };
		72B05D4E2CB3CFAD00B5F16B /* Roboto-Black.ttf in Resources */ = {isa = PBXBuildFile; fileRef = 72B05D442CB3CFAD00B5F16B /* Roboto-Black.ttf */; };
		72B05D4F2CB3CFAD00B5F16B /* Roboto-Medium.ttf in Resources */ = {isa = PBXBuildFile; fileRef = 72B05D452CB3CFAD00B5F16B /* Roboto-Medium.ttf */; };
		72B05D502CB3CFAD00B5F16B /* Roboto-Regular.ttf in Resources */ = {isa = PBXBuildFile; fileRef = 72B05D462CB3CFAD00B5F16B /* Roboto-Regular.ttf */; };
		72B05D512CB3CFAD00B5F16B /* TextEditorWithPlaceholder.swift in Sources */ = {isa = PBXBuildFile; fileRef = 72B05D472CB3CFAD00B5F16B /* TextEditorWithPlaceholder.swift */; };
		72B05D542CB3D02E00B5F16B /* OvertimeModel.swift in Sources */ = {isa = PBXBuildFile; fileRef = 72B05D522CB3D02E00B5F16B /* OvertimeModel.swift */; };
		72B05D5E2CB3D03B00B5F16B /* OvertimeForm.swift in Sources */ = {isa = PBXBuildFile; fileRef = 72B05D562CB3D03B00B5F16B /* OvertimeForm.swift */; };
		72B05D5F2CB3D03B00B5F16B /* OvertimeListCard.swift in Sources */ = {isa = PBXBuildFile; fileRef = 72B05D572CB3D03B00B5F16B /* OvertimeListCard.swift */; };
		72B05D602CB3D03B00B5F16B /* EditOvertimeView.swift in Sources */ = {isa = PBXBuildFile; fileRef = 72B05D592CB3D03B00B5F16B /* EditOvertimeView.swift */; };
		72B05D612CB3D03B00B5F16B /* OvertimeDetailView.swift in Sources */ = {isa = PBXBuildFile; fileRef = 72B05D5A2CB3D03B00B5F16B /* OvertimeDetailView.swift */; };
		72B05D622CB3D03B00B5F16B /* OvertimeView.swift in Sources */ = {isa = PBXBuildFile; fileRef = 72B05D5B2CB3D03B00B5F16B /* OvertimeView.swift */; };
		72B05D632CB3D03B00B5F16B /* RequestOvertimeView.swift in Sources */ = {isa = PBXBuildFile; fileRef = 72B05D5C2CB3D03B00B5F16B /* RequestOvertimeView.swift */; };
		72B05D722CB3D05300B5F16B /* LeaveModel.swift in Sources */ = {isa = PBXBuildFile; fileRef = 72B05D642CB3D05300B5F16B /* LeaveModel.swift */; };
		72B05D732CB3D05300B5F16B /* LeaveForm.swift in Sources */ = {isa = PBXBuildFile; fileRef = 72B05D662CB3D05300B5F16B /* LeaveForm.swift */; };
		72B05D742CB3D05300B5F16B /* LeaveList.swift in Sources */ = {isa = PBXBuildFile; fileRef = 72B05D672CB3D05300B5F16B /* LeaveList.swift */; };
		72B05D762CB3D05300B5F16B /* EditLeaveView.swift in Sources */ = {isa = PBXBuildFile; fileRef = 72B05D6B2CB3D05300B5F16B /* EditLeaveView.swift */; };
		72B05D772CB3D05300B5F16B /* LeaveDetailsView.swift in Sources */ = {isa = PBXBuildFile; fileRef = 72B05D6C2CB3D05300B5F16B /* LeaveDetailsView.swift */; };
		72B05D782CB3D05300B5F16B /* LeaveRequestView.swift in Sources */ = {isa = PBXBuildFile; fileRef = 72B05D6D2CB3D05300B5F16B /* LeaveRequestView.swift */; };
		72B05D792CB3D05300B5F16B /* LeaveView.swift in Sources */ = {isa = PBXBuildFile; fileRef = 72B05D6E2CB3D05300B5F16B /* LeaveView.swift */; };
		72B05D7A2CB3D05300B5F16B /* PopupView.swift in Sources */ = {isa = PBXBuildFile; fileRef = 72B05D6F2CB3D05300B5F16B /* PopupView.swift */; };
		72B05D7B2CB3D05300B5F16B /* SwiftUIView.swift in Sources */ = {isa = PBXBuildFile; fileRef = 72B05D702CB3D05300B5F16B /* SwiftUIView.swift */; };
		72B05D7D2CB3D0F000B5F16B /* SelectDateComponent.swift in Sources */ = {isa = PBXBuildFile; fileRef = 72B05D7C2CB3D0F000B5F16B /* SelectDateComponent.swift */; };
		72B05D8A2CB3D4B200B5F16B /* AccountButton.swift in Sources */ = {isa = PBXBuildFile; fileRef = 72B05D7E2CB3D4B200B5F16B /* AccountButton.swift */; };
		72B05D8B2CB3D4B200B5F16B /* AccountSectionComponent.swift in Sources */ = {isa = PBXBuildFile; fileRef = 72B05D7F2CB3D4B200B5F16B /* AccountSectionComponent.swift */; };
		72B05D8C2CB3D4B200B5F16B /* InfoSectionComponent.swift in Sources */ = {isa = PBXBuildFile; fileRef = 72B05D802CB3D4B200B5F16B /* InfoSectionComponent.swift */; };
		72B05D8D2CB3D4B200B5F16B /* Users.swift in Sources */ = {isa = PBXBuildFile; fileRef = 72B05D822CB3D4B200B5F16B /* Users.swift */; };
		72B05D8E2CB3D4B200B5F16B /* AccountSettingView.swift in Sources */ = {isa = PBXBuildFile; fileRef = 72B05D852CB3D4B200B5F16B /* AccountSettingView.swift */; };
		72B05D8F2CB3D4B200B5F16B /* ProfileView.swift in Sources */ = {isa = PBXBuildFile; fileRef = 72B05D862CB3D4B200B5F16B /* ProfileView.swift */; };
		72B05D902CB3D4B200B5F16B /* RolesAndPoliciesView.swift in Sources */ = {isa = PBXBuildFile; fileRef = 72B05D872CB3D4B200B5F16B /* RolesAndPoliciesView.swift */; };
		72B05D922CB3D58C00B5F16B /* SummaryView.swift in Sources */ = {isa = PBXBuildFile; fileRef = 72B05D912CB3D58C00B5F16B /* SummaryView.swift */; };
		72B06C342CAA98A500D0D8E8 /* SignUpView.swift in Sources */ = {isa = PBXBuildFile; fileRef = 72B06C332CAA98A500D0D8E8 /* SignUpView.swift */; };
		72B64E112CAE3CEB00179FF2 /* LoadingComponent.swift in Sources */ = {isa = PBXBuildFile; fileRef = 72B64E102CAE3CEB00179FF2 /* LoadingComponent.swift */; };
		72D0B3812CAA410E00CD60B0 /* PermissionNotificationPopover.swift in Sources */ = {isa = PBXBuildFile; fileRef = 72D0B3802CAA410E00CD60B0 /* PermissionNotificationPopover.swift */; };
		72D0B3832CAA432E00CD60B0 /* LoginView.swift in Sources */ = {isa = PBXBuildFile; fileRef = 72D0B3822CAA432E00CD60B0 /* LoginView.swift */; };
		72D0B3852CAA52CA00CD60B0 /* InputComponent.swift in Sources */ = {isa = PBXBuildFile; fileRef = 72D0B3842CAA52CA00CD60B0 /* InputComponent.swift */; };
		72D0B3872CAA53BE00CD60B0 /* SecureComponent.swift in Sources */ = {isa = PBXBuildFile; fileRef = 72D0B3862CAA53BE00CD60B0 /* SecureComponent.swift */; };
		72E157252CABDD5E00991EF4 /* GoogleService-Info.plist in Resources */ = {isa = PBXBuildFile; fileRef = 72E157242CABDD5E00991EF4 /* GoogleService-Info.plist */; };
		72E157282CABDF1100991EF4 /* FirebaseAnalytics in Frameworks */ = {isa = PBXBuildFile; productRef = 72E157272CABDF1100991EF4 /* FirebaseAnalytics */; };
		72E1572A2CABDF1100991EF4 /* FirebaseAuth in Frameworks */ = {isa = PBXBuildFile; productRef = 72E157292CABDF1100991EF4 /* FirebaseAuth */; };
		72E1572E2CABE1F900991EF4 /* GoogleSignIn in Frameworks */ = {isa = PBXBuildFile; productRef = 72E1572D2CABE1F900991EF4 /* GoogleSignIn */; };
		72E157302CABE1F900991EF4 /* GoogleSignInSwift in Frameworks */ = {isa = PBXBuildFile; productRef = 72E1572F2CABE1F900991EF4 /* GoogleSignInSwift */; };
		72E157322CABE2E800991EF4 /* GoogleAuth.swift in Sources */ = {isa = PBXBuildFile; fileRef = 72E157312CABE2E800991EF4 /* GoogleAuth.swift */; };
		72E157342CABF31700991EF4 /* ButtonComponent.swift in Sources */ = {isa = PBXBuildFile; fileRef = 72E157332CABF31700991EF4 /* ButtonComponent.swift */; };
		72E5C23F2CAADA6900C6EFF3 /* OTPView.swift in Sources */ = {isa = PBXBuildFile; fileRef = 72E5C23E2CAADA6900C6EFF3 /* OTPView.swift */; };
		72E5C2422CAAE32C00C6EFF3 /* OTPModifier.swift in Sources */ = {isa = PBXBuildFile; fileRef = 72E5C2412CAAE32C00C6EFF3 /* OTPModifier.swift */; };
		72EEF4832CB2946400D32246 /* AttendanceViewModel.swift in Sources */ = {isa = PBXBuildFile; fileRef = 72EEF4822CB2946400D32246 /* AttendanceViewModel.swift */; };
		72EEF4852CB2948500D32246 /* Attendance.swift in Sources */ = {isa = PBXBuildFile; fileRef = 72EEF4842CB2948500D32246 /* Attendance.swift */; };
		72EEF4872CB2954F00D32246 /* AttendanceView.swift in Sources */ = {isa = PBXBuildFile; fileRef = 72EEF4862CB2954F00D32246 /* AttendanceView.swift */; };
		72EEF4892CB2957600D32246 /* FilterComponent.swift in Sources */ = {isa = PBXBuildFile; fileRef = 72EEF4882CB2957600D32246 /* FilterComponent.swift */; };
		72EEF48B2CB295BC00D32246 /* ListAttendecesComponent.swift in Sources */ = {isa = PBXBuildFile; fileRef = 72EEF48A2CB295BB00D32246 /* ListAttendecesComponent.swift */; };
		72F600C42CA9996800C3ED22 /* LanguageOption.swift in Sources */ = {isa = PBXBuildFile; fileRef = 72F600C32CA9996800C3ED22 /* LanguageOption.swift */; };
		72F600C62CA9998900C3ED22 /* LanguageSelectionView.swift in Sources */ = {isa = PBXBuildFile; fileRef = 72F600C52CA9998900C3ED22 /* LanguageSelectionView.swift */; };
/* End PBXBuildFile section */

/* Begin PBXContainerItemProxy section */
		7285CB592CA65AD000198703 /* PBXContainerItemProxy */ = {
			isa = PBXContainerItemProxy;
			containerPortal = 7285CB402CA65ACF00198703 /* Project object */;
			proxyType = 1;
			remoteGlobalIDString = 7285CB472CA65ACF00198703;
			remoteInfo = WeHR;
		};
		7285CB632CA65AD000198703 /* PBXContainerItemProxy */ = {
			isa = PBXContainerItemProxy;
			containerPortal = 7285CB402CA65ACF00198703 /* Project object */;
			proxyType = 1;
			remoteGlobalIDString = 7285CB472CA65ACF00198703;
			remoteInfo = WeHR;
		};
/* End PBXContainerItemProxy section */

/* Begin PBXFileReference section */
		72401A882CA92D0400EB2E08 /* landing.swift */ = {isa = PBXFileReference; lastKnownFileType = sourcecode.swift; path = landing.swift; sourceTree = "<group>"; };
		726F7EC92CAD044100847434 /* WeHRView.swift */ = {isa = PBXFileReference; lastKnownFileType = sourcecode.swift; path = WeHRView.swift; sourceTree = "<group>"; };
		7285CB482CA65ACF00198703 /* WeHR.app */ = {isa = PBXFileReference; explicitFileType = wrapper.application; includeInIndex = 0; path = WeHR.app; sourceTree = BUILT_PRODUCTS_DIR; };
		7285CB4B2CA65ACF00198703 /* WeHRApp.swift */ = {isa = PBXFileReference; lastKnownFileType = sourcecode.swift; path = WeHRApp.swift; sourceTree = "<group>"; };
		7285CB4F2CA65AD000198703 /* Assets.xcassets */ = {isa = PBXFileReference; lastKnownFileType = folder.assetcatalog; path = Assets.xcassets; sourceTree = "<group>"; };
		7285CB522CA65AD000198703 /* Preview Assets.xcassets */ = {isa = PBXFileReference; lastKnownFileType = folder.assetcatalog; path = "Preview Assets.xcassets"; sourceTree = "<group>"; };
		7285CB582CA65AD000198703 /* WeHRTests.xctest */ = {isa = PBXFileReference; explicitFileType = wrapper.cfbundle; includeInIndex = 0; path = WeHRTests.xctest; sourceTree = BUILT_PRODUCTS_DIR; };
		7285CB5C2CA65AD000198703 /* WeHRTests.swift */ = {isa = PBXFileReference; lastKnownFileType = sourcecode.swift; path = WeHRTests.swift; sourceTree = "<group>"; };
		7285CB622CA65AD000198703 /* WeHRUITests.xctest */ = {isa = PBXFileReference; explicitFileType = wrapper.cfbundle; includeInIndex = 0; path = WeHRUITests.xctest; sourceTree = BUILT_PRODUCTS_DIR; };
		7285CB662CA65AD000198703 /* WeHRUITests.swift */ = {isa = PBXFileReference; lastKnownFileType = sourcecode.swift; path = WeHRUITests.swift; sourceTree = "<group>"; };
		7285CB682CA65AD000198703 /* WeHRUITestsLaunchTests.swift */ = {isa = PBXFileReference; lastKnownFileType = sourcecode.swift; path = WeHRUITestsLaunchTests.swift; sourceTree = "<group>"; };
		72B05D402CB3CFAD00B5F16B /* CustomColor.swift */ = {isa = PBXFileReference; fileEncoding = 4; lastKnownFileType = sourcecode.swift; path = CustomColor.swift; sourceTree = "<group>"; };
		72B05D412CB3CFAD00B5F16B /* MyColor.swift */ = {isa = PBXFileReference; fileEncoding = 4; lastKnownFileType = sourcecode.swift; path = MyColor.swift; sourceTree = "<group>"; };
		72B05D432CB3CFAD00B5F16B /* Font.swift */ = {isa = PBXFileReference; fileEncoding = 4; lastKnownFileType = sourcecode.swift; path = Font.swift; sourceTree = "<group>"; };
		72B05D442CB3CFAD00B5F16B /* Roboto-Black.ttf */ = {isa = PBXFileReference; lastKnownFileType = file; path = "Roboto-Black.ttf"; sourceTree = "<group>"; };
		72B05D452CB3CFAD00B5F16B /* Roboto-Medium.ttf */ = {isa = PBXFileReference; lastKnownFileType = file; path = "Roboto-Medium.ttf"; sourceTree = "<group>"; };
		72B05D462CB3CFAD00B5F16B /* Roboto-Regular.ttf */ = {isa = PBXFileReference; lastKnownFileType = file; path = "Roboto-Regular.ttf"; sourceTree = "<group>"; };
		72B05D472CB3CFAD00B5F16B /* TextEditorWithPlaceholder.swift */ = {isa = PBXFileReference; fileEncoding = 4; lastKnownFileType = sourcecode.swift; path = TextEditorWithPlaceholder.swift; sourceTree = "<group>"; };
		72B05D522CB3D02E00B5F16B /* OvertimeModel.swift */ = {isa = PBXFileReference; fileEncoding = 4; lastKnownFileType = sourcecode.swift; path = OvertimeModel.swift; sourceTree = "<group>"; };
		72B05D562CB3D03B00B5F16B /* OvertimeForm.swift */ = {isa = PBXFileReference; fileEncoding = 4; lastKnownFileType = sourcecode.swift; path = OvertimeForm.swift; sourceTree = "<group>"; };
		72B05D572CB3D03B00B5F16B /* OvertimeListCard.swift */ = {isa = PBXFileReference; fileEncoding = 4; lastKnownFileType = sourcecode.swift; path = OvertimeListCard.swift; sourceTree = "<group>"; };
		72B05D592CB3D03B00B5F16B /* EditOvertimeView.swift */ = {isa = PBXFileReference; fileEncoding = 4; lastKnownFileType = sourcecode.swift; path = EditOvertimeView.swift; sourceTree = "<group>"; };
		72B05D5A2CB3D03B00B5F16B /* OvertimeDetailView.swift */ = {isa = PBXFileReference; fileEncoding = 4; lastKnownFileType = sourcecode.swift; path = OvertimeDetailView.swift; sourceTree = "<group>"; };
		72B05D5B2CB3D03B00B5F16B /* OvertimeView.swift */ = {isa = PBXFileReference; fileEncoding = 4; lastKnownFileType = sourcecode.swift; path = OvertimeView.swift; sourceTree = "<group>"; };
		72B05D5C2CB3D03B00B5F16B /* RequestOvertimeView.swift */ = {isa = PBXFileReference; fileEncoding = 4; lastKnownFileType = sourcecode.swift; path = RequestOvertimeView.swift; sourceTree = "<group>"; };
		72B05D642CB3D05300B5F16B /* LeaveModel.swift */ = {isa = PBXFileReference; fileEncoding = 4; lastKnownFileType = sourcecode.swift; path = LeaveModel.swift; sourceTree = "<group>"; };
		72B05D662CB3D05300B5F16B /* LeaveForm.swift */ = {isa = PBXFileReference; fileEncoding = 4; lastKnownFileType = sourcecode.swift; path = LeaveForm.swift; sourceTree = "<group>"; };
		72B05D672CB3D05300B5F16B /* LeaveList.swift */ = {isa = PBXFileReference; fileEncoding = 4; lastKnownFileType = sourcecode.swift; path = LeaveList.swift; sourceTree = "<group>"; };
		72B05D6B2CB3D05300B5F16B /* EditLeaveView.swift */ = {isa = PBXFileReference; fileEncoding = 4; lastKnownFileType = sourcecode.swift; path = EditLeaveView.swift; sourceTree = "<group>"; };
		72B05D6C2CB3D05300B5F16B /* LeaveDetailsView.swift */ = {isa = PBXFileReference; fileEncoding = 4; lastKnownFileType = sourcecode.swift; path = LeaveDetailsView.swift; sourceTree = "<group>"; };
		72B05D6D2CB3D05300B5F16B /* LeaveRequestView.swift */ = {isa = PBXFileReference; fileEncoding = 4; lastKnownFileType = sourcecode.swift; path = LeaveRequestView.swift; sourceTree = "<group>"; };
		72B05D6E2CB3D05300B5F16B /* LeaveView.swift */ = {isa = PBXFileReference; fileEncoding = 4; lastKnownFileType = sourcecode.swift; path = LeaveView.swift; sourceTree = "<group>"; };
		72B05D6F2CB3D05300B5F16B /* PopupView.swift */ = {isa = PBXFileReference; fileEncoding = 4; lastKnownFileType = sourcecode.swift; path = PopupView.swift; sourceTree = "<group>"; };
		72B05D702CB3D05300B5F16B /* SwiftUIView.swift */ = {isa = PBXFileReference; fileEncoding = 4; lastKnownFileType = sourcecode.swift; path = SwiftUIView.swift; sourceTree = "<group>"; };
		72B05D7C2CB3D0F000B5F16B /* SelectDateComponent.swift */ = {isa = PBXFileReference; lastKnownFileType = sourcecode.swift; path = SelectDateComponent.swift; sourceTree = "<group>"; };
		72B05D7E2CB3D4B200B5F16B /* AccountButton.swift */ = {isa = PBXFileReference; fileEncoding = 4; lastKnownFileType = sourcecode.swift; path = AccountButton.swift; sourceTree = "<group>"; };
		72B05D7F2CB3D4B200B5F16B /* AccountSectionComponent.swift */ = {isa = PBXFileReference; fileEncoding = 4; lastKnownFileType = sourcecode.swift; path = AccountSectionComponent.swift; sourceTree = "<group>"; };
		72B05D802CB3D4B200B5F16B /* InfoSectionComponent.swift */ = {isa = PBXFileReference; fileEncoding = 4; lastKnownFileType = sourcecode.swift; path = InfoSectionComponent.swift; sourceTree = "<group>"; };
		72B05D822CB3D4B200B5F16B /* Users.swift */ = {isa = PBXFileReference; fileEncoding = 4; lastKnownFileType = sourcecode.swift; path = Users.swift; sourceTree = "<group>"; };
		72B05D852CB3D4B200B5F16B /* AccountSettingView.swift */ = {isa = PBXFileReference; fileEncoding = 4; lastKnownFileType = sourcecode.swift; path = AccountSettingView.swift; sourceTree = "<group>"; };
		72B05D862CB3D4B200B5F16B /* ProfileView.swift */ = {isa = PBXFileReference; fileEncoding = 4; lastKnownFileType = sourcecode.swift; path = ProfileView.swift; sourceTree = "<group>"; };
		72B05D872CB3D4B200B5F16B /* RolesAndPoliciesView.swift */ = {isa = PBXFileReference; fileEncoding = 4; lastKnownFileType = sourcecode.swift; path = RolesAndPoliciesView.swift; sourceTree = "<group>"; };
		72B05D912CB3D58C00B5F16B /* SummaryView.swift */ = {isa = PBXFileReference; lastKnownFileType = sourcecode.swift; path = SummaryView.swift; sourceTree = "<group>"; };
		72B06C332CAA98A500D0D8E8 /* SignUpView.swift */ = {isa = PBXFileReference; lastKnownFileType = sourcecode.swift; path = SignUpView.swift; sourceTree = "<group>"; };
		72B64E102CAE3CEB00179FF2 /* LoadingComponent.swift */ = {isa = PBXFileReference; lastKnownFileType = sourcecode.swift; path = LoadingComponent.swift; sourceTree = "<group>"; };
		72D0B3802CAA410E00CD60B0 /* PermissionNotificationPopover.swift */ = {isa = PBXFileReference; lastKnownFileType = sourcecode.swift; path = PermissionNotificationPopover.swift; sourceTree = "<group>"; };
		72D0B3822CAA432E00CD60B0 /* LoginView.swift */ = {isa = PBXFileReference; lastKnownFileType = sourcecode.swift; path = LoginView.swift; sourceTree = "<group>"; };
		72D0B3842CAA52CA00CD60B0 /* InputComponent.swift */ = {isa = PBXFileReference; lastKnownFileType = sourcecode.swift; path = InputComponent.swift; sourceTree = "<group>"; };
		72D0B3862CAA53BE00CD60B0 /* SecureComponent.swift */ = {isa = PBXFileReference; lastKnownFileType = sourcecode.swift; path = SecureComponent.swift; sourceTree = "<group>"; };
		72E157242CABDD5E00991EF4 /* GoogleService-Info.plist */ = {isa = PBXFileReference; fileEncoding = 4; lastKnownFileType = text.plist.xml; path = "GoogleService-Info.plist"; sourceTree = "<group>"; };
		72E1572B2CABDFEB00991EF4 /* Info.plist */ = {isa = PBXFileReference; lastKnownFileType = text.plist; path = Info.plist; sourceTree = "<group>"; };
		72E157312CABE2E800991EF4 /* GoogleAuth.swift */ = {isa = PBXFileReference; lastKnownFileType = sourcecode.swift; path = GoogleAuth.swift; sourceTree = "<group>"; };
		72E157332CABF31700991EF4 /* ButtonComponent.swift */ = {isa = PBXFileReference; lastKnownFileType = sourcecode.swift; path = ButtonComponent.swift; sourceTree = "<group>"; };
		72E5C23E2CAADA6900C6EFF3 /* OTPView.swift */ = {isa = PBXFileReference; lastKnownFileType = sourcecode.swift; path = OTPView.swift; sourceTree = "<group>"; };
		72E5C2412CAAE32C00C6EFF3 /* OTPModifier.swift */ = {isa = PBXFileReference; lastKnownFileType = sourcecode.swift; path = OTPModifier.swift; sourceTree = "<group>"; };
		72EEF4822CB2946400D32246 /* AttendanceViewModel.swift */ = {isa = PBXFileReference; lastKnownFileType = sourcecode.swift; path = AttendanceViewModel.swift; sourceTree = "<group>"; };
		72EEF4842CB2948500D32246 /* Attendance.swift */ = {isa = PBXFileReference; lastKnownFileType = sourcecode.swift; path = Attendance.swift; sourceTree = "<group>"; };
		72EEF4862CB2954F00D32246 /* AttendanceView.swift */ = {isa = PBXFileReference; lastKnownFileType = sourcecode.swift; path = AttendanceView.swift; sourceTree = "<group>"; };
		72EEF4882CB2957600D32246 /* FilterComponent.swift */ = {isa = PBXFileReference; lastKnownFileType = sourcecode.swift; path = FilterComponent.swift; sourceTree = "<group>"; };
		72EEF48A2CB295BB00D32246 /* ListAttendecesComponent.swift */ = {isa = PBXFileReference; lastKnownFileType = sourcecode.swift; path = ListAttendecesComponent.swift; sourceTree = "<group>"; };
		72F600C32CA9996800C3ED22 /* LanguageOption.swift */ = {isa = PBXFileReference; lastKnownFileType = sourcecode.swift; path = LanguageOption.swift; sourceTree = "<group>"; };
		72F600C52CA9998900C3ED22 /* LanguageSelectionView.swift */ = {isa = PBXFileReference; lastKnownFileType = sourcecode.swift; path = LanguageSelectionView.swift; sourceTree = "<group>"; };
/* End PBXFileReference section */

/* Begin PBXFrameworksBuildPhase section */
		7285CB452CA65ACF00198703 /* Frameworks */ = {
			isa = PBXFrameworksBuildPhase;
			buildActionMask = 2147483647;
			files = (
				72E157282CABDF1100991EF4 /* FirebaseAnalytics in Frameworks */,
				72E1572A2CABDF1100991EF4 /* FirebaseAuth in Frameworks */,
				72E1572E2CABE1F900991EF4 /* GoogleSignIn in Frameworks */,
				72E157302CABE1F900991EF4 /* GoogleSignInSwift in Frameworks */,
			);
			runOnlyForDeploymentPostprocessing = 0;
		};
		7285CB552CA65AD000198703 /* Frameworks */ = {
			isa = PBXFrameworksBuildPhase;
			buildActionMask = 2147483647;
			files = (
			);
			runOnlyForDeploymentPostprocessing = 0;
		};
		7285CB5F2CA65AD000198703 /* Frameworks */ = {
			isa = PBXFrameworksBuildPhase;
			buildActionMask = 2147483647;
			files = (
			);
			runOnlyForDeploymentPostprocessing = 0;
		};
/* End PBXFrameworksBuildPhase section */

/* Begin PBXGroup section */
		72401A6F2CA8FF8E00EB2E08 /* Components */ = {
			isa = PBXGroup;
			children = (
				72B64E102CAE3CEB00179FF2 /* LoadingComponent.swift */,
			);
			path = Components;
			sourceTree = "<group>";
		};
		72401A712CA8FFBA00EB2E08 /* Components */ = {
			isa = PBXGroup;
			children = (
				72F600C32CA9996800C3ED22 /* LanguageOption.swift */,
				72F600C52CA9998900C3ED22 /* LanguageSelectionView.swift */,
				72D0B3802CAA410E00CD60B0 /* PermissionNotificationPopover.swift */,
				72D0B3842CAA52CA00CD60B0 /* InputComponent.swift */,
				72D0B3862CAA53BE00CD60B0 /* SecureComponent.swift */,
				72E5C2412CAAE32C00C6EFF3 /* OTPModifier.swift */,
				72E157332CABF31700991EF4 /* ButtonComponent.swift */,
			);
			path = Components;
			sourceTree = "<group>";
		};
		72401A742CA902B200EB2E08 /* Summary */ = {
			isa = PBXGroup;
			children = (
				72401A7B2CA9036200EB2E08 /* Components */,
				72401A782CA902DD00EB2E08 /* Views */,
				72401A7A2CA9035700EB2E08 /* ViewModels */,
				72401A792CA9033C00EB2E08 /* Models */,
			);
			path = Summary;
			sourceTree = "<group>";
		};
		72401A752CA902BA00EB2E08 /* Attendance */ = {
			isa = PBXGroup;
			children = (
				72401A7F2CA9038700EB2E08 /* Component */,
				72401A7E2CA9038100EB2E08 /* Views */,
				72401A7D2CA9037A00EB2E08 /* ViewModels */,
				72401A7C2CA9037500EB2E08 /* Models */,
			);
			path = Attendance;
			sourceTree = "<group>";
		};
		72401A762CA902CA00EB2E08 /* Leave */ = {
			isa = PBXGroup;
			children = (
				72B05D692CB3D05300B5F16B /* Components */,
				72B05D652CB3D05300B5F16B /* Models */,
				72B05D6A2CB3D05300B5F16B /* ViewModels */,
				72B05D712CB3D05300B5F16B /* Views */,
			);
			path = Leave;
			sourceTree = "<group>";
		};
		72401A772CA902D400EB2E08 /* Overtime */ = {
			isa = PBXGroup;
			children = (
				72B05D582CB3D03B00B5F16B /* Components */,
				72B05D552CB3D03A00B5F16B /* ViewModels */,
				72B05D5D2CB3D03B00B5F16B /* Views */,
				72B05D532CB3D02E00B5F16B /* Models */,
			);
			path = Overtime;
			sourceTree = "<group>";
		};
		72401A782CA902DD00EB2E08 /* Views */ = {
			isa = PBXGroup;
			children = (
				72B05D912CB3D58C00B5F16B /* SummaryView.swift */,
			);
			path = Views;
			sourceTree = "<group>";
		};
		72401A792CA9033C00EB2E08 /* Models */ = {
			isa = PBXGroup;
			children = (
			);
			path = Models;
			sourceTree = "<group>";
		};
		72401A7A2CA9035700EB2E08 /* ViewModels */ = {
			isa = PBXGroup;
			children = (
			);
			path = ViewModels;
			sourceTree = "<group>";
		};
		72401A7B2CA9036200EB2E08 /* Components */ = {
			isa = PBXGroup;
			children = (
			);
			path = Components;
			sourceTree = "<group>";
		};
		72401A7C2CA9037500EB2E08 /* Models */ = {
			isa = PBXGroup;
			children = (
				72EEF4842CB2948500D32246 /* Attendance.swift */,
			);
			path = Models;
			sourceTree = "<group>";
		};
		72401A7D2CA9037A00EB2E08 /* ViewModels */ = {
			isa = PBXGroup;
			children = (
				72EEF4822CB2946400D32246 /* AttendanceViewModel.swift */,
			);
			path = ViewModels;
			sourceTree = "<group>";
		};
		72401A7E2CA9038100EB2E08 /* Views */ = {
			isa = PBXGroup;
			children = (
				72EEF4862CB2954F00D32246 /* AttendanceView.swift */,
			);
			path = Views;
			sourceTree = "<group>";
		};
		72401A7F2CA9038700EB2E08 /* Component */ = {
			isa = PBXGroup;
			children = (
				72EEF4882CB2957600D32246 /* FilterComponent.swift */,
				72EEF48A2CB295BB00D32246 /* ListAttendecesComponent.swift */,
			);
			path = Component;
			sourceTree = "<group>";
		};
		7285CB3F2CA65ACF00198703 = {
			isa = PBXGroup;
			children = (
				7285CB4A2CA65ACF00198703 /* WeHR */,
				7285CB5B2CA65AD000198703 /* WeHRTests */,
				7285CB652CA65AD000198703 /* WeHRUITests */,
				7285CB492CA65ACF00198703 /* Products */,
			);
			sourceTree = "<group>";
		};
		7285CB492CA65ACF00198703 /* Products */ = {
			isa = PBXGroup;
			children = (
				7285CB482CA65ACF00198703 /* WeHR.app */,
				7285CB582CA65AD000198703 /* WeHRTests.xctest */,
				7285CB622CA65AD000198703 /* WeHRUITests.xctest */,
			);
			name = Products;
			sourceTree = "<group>";
		};
		7285CB4A2CA65ACF00198703 /* WeHR */ = {
			isa = PBXGroup;
			children = (
				7285CBE62CA66ADB00198703 /* Home */,
				7285CBE52CA66AD200198703 /* Authentication */,
				72B05D892CB3D4B200B5F16B /* Setting */,
				7285CBEF2CA66B5F00198703 /* Helper */,
				7285CB4B2CA65ACF00198703 /* WeHRApp.swift */,
				72E157242CABDD5E00991EF4 /* GoogleService-Info.plist */,
				72E1572B2CABDFEB00991EF4 /* Info.plist */,
				7285CB4F2CA65AD000198703 /* Assets.xcassets */,
				7285CB512CA65AD000198703 /* Preview Content */,
			);
			path = WeHR;
			sourceTree = "<group>";
		};
		7285CB512CA65AD000198703 /* Preview Content */ = {
			isa = PBXGroup;
			children = (
				7285CB522CA65AD000198703 /* Preview Assets.xcassets */,
			);
			path = "Preview Content";
			sourceTree = "<group>";
		};
		7285CB5B2CA65AD000198703 /* WeHRTests */ = {
			isa = PBXGroup;
			children = (
				7285CB5C2CA65AD000198703 /* WeHRTests.swift */,
			);
			path = WeHRTests;
			sourceTree = "<group>";
		};
		7285CB652CA65AD000198703 /* WeHRUITests */ = {
			isa = PBXGroup;
			children = (
				7285CB662CA65AD000198703 /* WeHRUITests.swift */,
				7285CB682CA65AD000198703 /* WeHRUITestsLaunchTests.swift */,
			);
			path = WeHRUITests;
			sourceTree = "<group>";
		};
		7285CBE52CA66AD200198703 /* Authentication */ = {
			isa = PBXGroup;
			children = (
				72401A712CA8FFBA00EB2E08 /* Components */,
				7285CBF92CA66BBF00198703 /* Views */,
				7285CBF82CA66BB600198703 /* ViewModels */,
				7285CBF72CA66BB100198703 /* Models */,
			);
			path = Authentication;
			sourceTree = "<group>";
		};
		7285CBE62CA66ADB00198703 /* Home */ = {
			isa = PBXGroup;
			children = (
				726F7EC92CAD044100847434 /* WeHRView.swift */,
				72401A772CA902D400EB2E08 /* Overtime */,
				72401A762CA902CA00EB2E08 /* Leave */,
				72401A752CA902BA00EB2E08 /* Attendance */,
				72401A742CA902B200EB2E08 /* Summary */,
			);
			path = Home;
			sourceTree = "<group>";
		};
		7285CBEF2CA66B5F00198703 /* Helper */ = {
			isa = PBXGroup;
			children = (
				72B05D4A2CB3CFAD00B5F16B /* Custom */,
				72401A6F2CA8FF8E00EB2E08 /* Components */,
				7285CBFA2CA66BCA00198703 /* Utilities */,
			);
			path = Helper;
			sourceTree = "<group>";
		};
		7285CBF72CA66BB100198703 /* Models */ = {
			isa = PBXGroup;
			children = (
			);
			path = Models;
			sourceTree = "<group>";
		};
		7285CBF82CA66BB600198703 /* ViewModels */ = {
			isa = PBXGroup;
			children = (
				72E157312CABE2E800991EF4 /* GoogleAuth.swift */,
			);
			path = ViewModels;
			sourceTree = "<group>";
		};
		7285CBF92CA66BBF00198703 /* Views */ = {
			isa = PBXGroup;
			children = (
				72401A882CA92D0400EB2E08 /* landing.swift */,
				72D0B3822CAA432E00CD60B0 /* LoginView.swift */,
				72B06C332CAA98A500D0D8E8 /* SignUpView.swift */,
				72E5C23E2CAADA6900C6EFF3 /* OTPView.swift */,
			);
			path = Views;
			sourceTree = "<group>";
		};
		7285CBFA2CA66BCA00198703 /* Utilities */ = {
			isa = PBXGroup;
			children = (
			);
			path = Utilities;
			sourceTree = "<group>";
		};
		72B05D422CB3CFAD00B5F16B /* Color */ = {
			isa = PBXGroup;
			children = (
				72B05D402CB3CFAD00B5F16B /* CustomColor.swift */,
				72B05D412CB3CFAD00B5F16B /* MyColor.swift */,
			);
			path = Color;
			sourceTree = "<group>";
		};
		72B05D482CB3CFAD00B5F16B /* font */ = {
			isa = PBXGroup;
			children = (
				72B05D432CB3CFAD00B5F16B /* Font.swift */,
				72B05D442CB3CFAD00B5F16B /* Roboto-Black.ttf */,
				72B05D452CB3CFAD00B5F16B /* Roboto-Medium.ttf */,
				72B05D462CB3CFAD00B5F16B /* Roboto-Regular.ttf */,
				72B05D472CB3CFAD00B5F16B /* TextEditorWithPlaceholder.swift */,
			);
			path = font;
			sourceTree = "<group>";
		};
		72B05D492CB3CFAD00B5F16B /* localization */ = {
			isa = PBXGroup;
			children = (
			);
			path = localization;
			sourceTree = "<group>";
		};
		72B05D4A2CB3CFAD00B5F16B /* Custom */ = {
			isa = PBXGroup;
			children = (
				72B05D422CB3CFAD00B5F16B /* Color */,
				72B05D482CB3CFAD00B5F16B /* font */,
				72B05D492CB3CFAD00B5F16B /* localization */,
			);
			path = Custom;
			sourceTree = "<group>";
		};
		72B05D532CB3D02E00B5F16B /* Models */ = {
			isa = PBXGroup;
			children = (
				72B05D522CB3D02E00B5F16B /* OvertimeModel.swift */,
			);
			path = Models;
			sourceTree = "<group>";
		};
		72B05D552CB3D03A00B5F16B /* ViewModels */ = {
			isa = PBXGroup;
			children = (
			);
			path = ViewModels;
			sourceTree = "<group>";
		};
		72B05D582CB3D03B00B5F16B /* Components */ = {
			isa = PBXGroup;
			children = (
				72B05D562CB3D03B00B5F16B /* OvertimeForm.swift */,
				72B05D572CB3D03B00B5F16B /* OvertimeListCard.swift */,
			);
			path = Components;
			sourceTree = "<group>";
		};
		72B05D5D2CB3D03B00B5F16B /* Views */ = {
			isa = PBXGroup;
			children = (
				72B05D592CB3D03B00B5F16B /* EditOvertimeView.swift */,
				72B05D5A2CB3D03B00B5F16B /* OvertimeDetailView.swift */,
				72B05D5B2CB3D03B00B5F16B /* OvertimeView.swift */,
				72B05D5C2CB3D03B00B5F16B /* RequestOvertimeView.swift */,
			);
			path = Views;
			sourceTree = "<group>";
		};
		72B05D652CB3D05300B5F16B /* Models */ = {
			isa = PBXGroup;
			children = (
				72B05D642CB3D05300B5F16B /* LeaveModel.swift */,
			);
			path = Models;
			sourceTree = "<group>";
		};
		72B05D692CB3D05300B5F16B /* Components */ = {
			isa = PBXGroup;
			children = (
				72B05D662CB3D05300B5F16B /* LeaveForm.swift */,
				72B05D672CB3D05300B5F16B /* LeaveList.swift */,
				72B05D7C2CB3D0F000B5F16B /* SelectDateComponent.swift */,
			);
			path = Components;
			sourceTree = "<group>";
		};
		72B05D6A2CB3D05300B5F16B /* ViewModels */ = {
			isa = PBXGroup;
			children = (
			);
			path = ViewModels;
			sourceTree = "<group>";
		};
		72B05D712CB3D05300B5F16B /* Views */ = {
			isa = PBXGroup;
			children = (
				72B05D6B2CB3D05300B5F16B /* EditLeaveView.swift */,
				72B05D6C2CB3D05300B5F16B /* LeaveDetailsView.swift */,
				72B05D6D2CB3D05300B5F16B /* LeaveRequestView.swift */,
				72B05D6E2CB3D05300B5F16B /* LeaveView.swift */,
				72B05D6F2CB3D05300B5F16B /* PopupView.swift */,
				72B05D702CB3D05300B5F16B /* SwiftUIView.swift */,
			);
			path = Views;
			sourceTree = "<group>";
		};
		72B05D812CB3D4B200B5F16B /* Components */ = {
			isa = PBXGroup;
			children = (
				72B05D7E2CB3D4B200B5F16B /* AccountButton.swift */,
				72B05D7F2CB3D4B200B5F16B /* AccountSectionComponent.swift */,
				72B05D802CB3D4B200B5F16B /* InfoSectionComponent.swift */,
			);
			path = Components;
			sourceTree = "<group>";
		};
		72B05D832CB3D4B200B5F16B /* Models */ = {
			isa = PBXGroup;
			children = (
				72B05D822CB3D4B200B5F16B /* Users.swift */,
			);
			path = Models;
			sourceTree = "<group>";
		};
		72B05D842CB3D4B200B5F16B /* ViewModels */ = {
			isa = PBXGroup;
			children = (
			);
			path = ViewModels;
			sourceTree = "<group>";
		};
		72B05D882CB3D4B200B5F16B /* Views */ = {
			isa = PBXGroup;
			children = (
				72B05D852CB3D4B200B5F16B /* AccountSettingView.swift */,
				72B05D862CB3D4B200B5F16B /* ProfileView.swift */,
				72B05D872CB3D4B200B5F16B /* RolesAndPoliciesView.swift */,
			);
			path = Views;
			sourceTree = "<group>";
		};
		72B05D892CB3D4B200B5F16B /* Setting */ = {
			isa = PBXGroup;
			children = (
				72B05D812CB3D4B200B5F16B /* Components */,
				72B05D832CB3D4B200B5F16B /* Models */,
				72B05D842CB3D4B200B5F16B /* ViewModels */,
				72B05D882CB3D4B200B5F16B /* Views */,
			);
			path = Setting;
			sourceTree = "<group>";
		};
/* End PBXGroup section */

/* Begin PBXNativeTarget section */
		7285CB472CA65ACF00198703 /* WeHR */ = {
			isa = PBXNativeTarget;
			buildConfigurationList = 7285CB6C2CA65AD000198703 /* Build configuration list for PBXNativeTarget "WeHR" */;
			buildPhases = (
				7285CB442CA65ACF00198703 /* Sources */,
				7285CB452CA65ACF00198703 /* Frameworks */,
				7285CB462CA65ACF00198703 /* Resources */,
			);
			buildRules = (
			);
			dependencies = (
			);
			name = WeHR;
			packageProductDependencies = (
				72E157272CABDF1100991EF4 /* FirebaseAnalytics */,
				72E157292CABDF1100991EF4 /* FirebaseAuth */,
				72E1572D2CABE1F900991EF4 /* GoogleSignIn */,
				72E1572F2CABE1F900991EF4 /* GoogleSignInSwift */,
			);
			productName = WeHR;
			productReference = 7285CB482CA65ACF00198703 /* WeHR.app */;
			productType = "com.apple.product-type.application";
		};
		7285CB572CA65AD000198703 /* WeHRTests */ = {
			isa = PBXNativeTarget;
			buildConfigurationList = 7285CB6F2CA65AD000198703 /* Build configuration list for PBXNativeTarget "WeHRTests" */;
			buildPhases = (
				7285CB542CA65AD000198703 /* Sources */,
				7285CB552CA65AD000198703 /* Frameworks */,
				7285CB562CA65AD000198703 /* Resources */,
			);
			buildRules = (
			);
			dependencies = (
				7285CB5A2CA65AD000198703 /* PBXTargetDependency */,
			);
			name = WeHRTests;
			productName = WeHRTests;
			productReference = 7285CB582CA65AD000198703 /* WeHRTests.xctest */;
			productType = "com.apple.product-type.bundle.unit-test";
		};
		7285CB612CA65AD000198703 /* WeHRUITests */ = {
			isa = PBXNativeTarget;
			buildConfigurationList = 7285CB722CA65AD000198703 /* Build configuration list for PBXNativeTarget "WeHRUITests" */;
			buildPhases = (
				7285CB5E2CA65AD000198703 /* Sources */,
				7285CB5F2CA65AD000198703 /* Frameworks */,
				7285CB602CA65AD000198703 /* Resources */,
			);
			buildRules = (
			);
			dependencies = (
				7285CB642CA65AD000198703 /* PBXTargetDependency */,
			);
			name = WeHRUITests;
			productName = WeHRUITests;
			productReference = 7285CB622CA65AD000198703 /* WeHRUITests.xctest */;
			productType = "com.apple.product-type.bundle.ui-testing";
		};
/* End PBXNativeTarget section */

/* Begin PBXProject section */
		7285CB402CA65ACF00198703 /* Project object */ = {
			isa = PBXProject;
			attributes = {
				BuildIndependentTargetsInParallel = 1;
				LastSwiftUpdateCheck = 1540;
				LastUpgradeCheck = 1540;
				TargetAttributes = {
					7285CB472CA65ACF00198703 = {
						CreatedOnToolsVersion = 15.4;
					};
					7285CB572CA65AD000198703 = {
						CreatedOnToolsVersion = 15.4;
						TestTargetID = 7285CB472CA65ACF00198703;
					};
					7285CB612CA65AD000198703 = {
						CreatedOnToolsVersion = 15.4;
						TestTargetID = 7285CB472CA65ACF00198703;
					};
				};
			};
			buildConfigurationList = 7285CB432CA65ACF00198703 /* Build configuration list for PBXProject "WeHR" */;
			compatibilityVersion = "Xcode 14.0";
			developmentRegion = en;
			hasScannedForEncodings = 0;
			knownRegions = (
				en,
				Base,
			);
			mainGroup = 7285CB3F2CA65ACF00198703;
			packageReferences = (
				72E157262CABDF1100991EF4 /* XCRemoteSwiftPackageReference "firebase-ios-sdk" */,
				72E1572C2CABE1F900991EF4 /* XCRemoteSwiftPackageReference "GoogleSignIn-iOS" */,
			);
			productRefGroup = 7285CB492CA65ACF00198703 /* Products */;
			projectDirPath = "";
			projectRoot = "";
			targets = (
				7285CB472CA65ACF00198703 /* WeHR */,
				7285CB572CA65AD000198703 /* WeHRTests */,
				7285CB612CA65AD000198703 /* WeHRUITests */,
			);
		};
/* End PBXProject section */

/* Begin PBXResourcesBuildPhase section */
		7285CB462CA65ACF00198703 /* Resources */ = {
			isa = PBXResourcesBuildPhase;
			buildActionMask = 2147483647;
			files = (
				72B05D502CB3CFAD00B5F16B /* Roboto-Regular.ttf in Resources */,
				72B05D4F2CB3CFAD00B5F16B /* Roboto-Medium.ttf in Resources */,
				7285CB532CA65AD000198703 /* Preview Assets.xcassets in Resources */,
				7285CB502CA65AD000198703 /* Assets.xcassets in Resources */,
				72E157252CABDD5E00991EF4 /* GoogleService-Info.plist in Resources */,
				72B05D4E2CB3CFAD00B5F16B /* Roboto-Black.ttf in Resources */,
			);
			runOnlyForDeploymentPostprocessing = 0;
		};
		7285CB562CA65AD000198703 /* Resources */ = {
			isa = PBXResourcesBuildPhase;
			buildActionMask = 2147483647;
			files = (
			);
			runOnlyForDeploymentPostprocessing = 0;
		};
		7285CB602CA65AD000198703 /* Resources */ = {
			isa = PBXResourcesBuildPhase;
			buildActionMask = 2147483647;
			files = (
			);
			runOnlyForDeploymentPostprocessing = 0;
		};
/* End PBXResourcesBuildPhase section */

/* Begin PBXSourcesBuildPhase section */
		7285CB442CA65ACF00198703 /* Sources */ = {
			isa = PBXSourcesBuildPhase;
			buildActionMask = 2147483647;
			files = (
				72B05D542CB3D02E00B5F16B /* OvertimeModel.swift in Sources */,
				72EEF4852CB2948500D32246 /* Attendance.swift in Sources */,
				72E5C23F2CAADA6900C6EFF3 /* OTPView.swift in Sources */,
				72B05D632CB3D03B00B5F16B /* RequestOvertimeView.swift in Sources */,
				72B05D8F2CB3D4B200B5F16B /* ProfileView.swift in Sources */,
				72B05D512CB3CFAD00B5F16B /* TextEditorWithPlaceholder.swift in Sources */,
				72B05D4B2CB3CFAD00B5F16B /* CustomColor.swift in Sources */,
				72D0B3832CAA432E00CD60B0 /* LoginView.swift in Sources */,
				72B05D922CB3D58C00B5F16B /* SummaryView.swift in Sources */,
				72B05D7B2CB3D05300B5F16B /* SwiftUIView.swift in Sources */,
				72B05D762CB3D05300B5F16B /* EditLeaveView.swift in Sources */,
				726F7ECA2CAD044100847434 /* WeHRView.swift in Sources */,
				72B05D792CB3D05300B5F16B /* LeaveView.swift in Sources */,
				72B05D8E2CB3D4B200B5F16B /* AccountSettingView.swift in Sources */,
				72F600C42CA9996800C3ED22 /* LanguageOption.swift in Sources */,
				72D0B3852CAA52CA00CD60B0 /* InputComponent.swift in Sources */,
				7285CB4C2CA65ACF00198703 /* WeHRApp.swift in Sources */,
				72B05D902CB3D4B200B5F16B /* RolesAndPoliciesView.swift in Sources */,
				72B05D782CB3D05300B5F16B /* LeaveRequestView.swift in Sources */,
				72EEF4872CB2954F00D32246 /* AttendanceView.swift in Sources */,
				72E5C2422CAAE32C00C6EFF3 /* OTPModifier.swift in Sources */,
				72EEF4832CB2946400D32246 /* AttendanceViewModel.swift in Sources */,
				72B64E112CAE3CEB00179FF2 /* LoadingComponent.swift in Sources */,
				72F600C62CA9998900C3ED22 /* LanguageSelectionView.swift in Sources */,
				72B05D612CB3D03B00B5F16B /* OvertimeDetailView.swift in Sources */,
				72401A892CA92D0400EB2E08 /* landing.swift in Sources */,
				72B05D8B2CB3D4B200B5F16B /* AccountSectionComponent.swift in Sources */,
				72B05D602CB3D03B00B5F16B /* EditOvertimeView.swift in Sources */,
				72E157322CABE2E800991EF4 /* GoogleAuth.swift in Sources */,
				72B05D8C2CB3D4B200B5F16B /* InfoSectionComponent.swift in Sources */,
				72EEF48B2CB295BC00D32246 /* ListAttendecesComponent.swift in Sources */,
				72D0B3812CAA410E00CD60B0 /* PermissionNotificationPopover.swift in Sources */,
				72B05D732CB3D05300B5F16B /* LeaveForm.swift in Sources */,
				72B05D622CB3D03B00B5F16B /* OvertimeView.swift in Sources */,
				72B05D4C2CB3CFAD00B5F16B /* MyColor.swift in Sources */,
				72B05D5E2CB3D03B00B5F16B /* OvertimeForm.swift in Sources */,
				72B05D7D2CB3D0F000B5F16B /* SelectDateComponent.swift in Sources */,
				72E157342CABF31700991EF4 /* ButtonComponent.swift in Sources */,
				72B05D7A2CB3D05300B5F16B /* PopupView.swift in Sources */,
				72B05D742CB3D05300B5F16B /* LeaveList.swift in Sources */,
				72B05D772CB3D05300B5F16B /* LeaveDetailsView.swift in Sources */,
				72B05D8D2CB3D4B200B5F16B /* Users.swift in Sources */,
				72B05D4D2CB3CFAD00B5F16B /* Font.swift in Sources */,
				72EEF4892CB2957600D32246 /* FilterComponent.swift in Sources */,
				72D0B3872CAA53BE00CD60B0 /* SecureComponent.swift in Sources */,
				72B05D5F2CB3D03B00B5F16B /* OvertimeListCard.swift in Sources */,
				72B05D722CB3D05300B5F16B /* LeaveModel.swift in Sources */,
				72B06C342CAA98A500D0D8E8 /* SignUpView.swift in Sources */,
				72B05D8A2CB3D4B200B5F16B /* AccountButton.swift in Sources */,
			);
			runOnlyForDeploymentPostprocessing = 0;
		};
		7285CB542CA65AD000198703 /* Sources */ = {
			isa = PBXSourcesBuildPhase;
			buildActionMask = 2147483647;
			files = (
				7285CB5D2CA65AD000198703 /* WeHRTests.swift in Sources */,
			);
			runOnlyForDeploymentPostprocessing = 0;
		};
		7285CB5E2CA65AD000198703 /* Sources */ = {
			isa = PBXSourcesBuildPhase;
			buildActionMask = 2147483647;
			files = (
				7285CB692CA65AD000198703 /* WeHRUITestsLaunchTests.swift in Sources */,
				7285CB672CA65AD000198703 /* WeHRUITests.swift in Sources */,
			);
			runOnlyForDeploymentPostprocessing = 0;
		};
/* End PBXSourcesBuildPhase section */

/* Begin PBXTargetDependency section */
		7285CB5A2CA65AD000198703 /* PBXTargetDependency */ = {
			isa = PBXTargetDependency;
			target = 7285CB472CA65ACF00198703 /* WeHR */;
			targetProxy = 7285CB592CA65AD000198703 /* PBXContainerItemProxy */;
		};
		7285CB642CA65AD000198703 /* PBXTargetDependency */ = {
			isa = PBXTargetDependency;
			target = 7285CB472CA65ACF00198703 /* WeHR */;
			targetProxy = 7285CB632CA65AD000198703 /* PBXContainerItemProxy */;
		};
/* End PBXTargetDependency section */

/* Begin XCBuildConfiguration section */
		7285CB6A2CA65AD000198703 /* Debug */ = {
			isa = XCBuildConfiguration;
			buildSettings = {
				ALWAYS_SEARCH_USER_PATHS = NO;
				ASSETCATALOG_COMPILER_GENERATE_SWIFT_ASSET_SYMBOL_EXTENSIONS = YES;
				CLANG_ANALYZER_NONNULL = YES;
				CLANG_ANALYZER_NUMBER_OBJECT_CONVERSION = YES_AGGRESSIVE;
				CLANG_CXX_LANGUAGE_STANDARD = "gnu++20";
				CLANG_ENABLE_MODULES = YES;
				CLANG_ENABLE_OBJC_ARC = YES;
				CLANG_ENABLE_OBJC_WEAK = YES;
				CLANG_WARN_BLOCK_CAPTURE_AUTORELEASING = YES;
				CLANG_WARN_BOOL_CONVERSION = YES;
				CLANG_WARN_COMMA = YES;
				CLANG_WARN_CONSTANT_CONVERSION = YES;
				CLANG_WARN_DEPRECATED_OBJC_IMPLEMENTATIONS = YES;
				CLANG_WARN_DIRECT_OBJC_ISA_USAGE = YES_ERROR;
				CLANG_WARN_DOCUMENTATION_COMMENTS = YES;
				CLANG_WARN_EMPTY_BODY = YES;
				CLANG_WARN_ENUM_CONVERSION = YES;
				CLANG_WARN_INFINITE_RECURSION = YES;
				CLANG_WARN_INT_CONVERSION = YES;
				CLANG_WARN_NON_LITERAL_NULL_CONVERSION = YES;
				CLANG_WARN_OBJC_IMPLICIT_RETAIN_SELF = YES;
				CLANG_WARN_OBJC_LITERAL_CONVERSION = YES;
				CLANG_WARN_OBJC_ROOT_CLASS = YES_ERROR;
				CLANG_WARN_QUOTED_INCLUDE_IN_FRAMEWORK_HEADER = YES;
				CLANG_WARN_RANGE_LOOP_ANALYSIS = YES;
				CLANG_WARN_STRICT_PROTOTYPES = YES;
				CLANG_WARN_SUSPICIOUS_MOVE = YES;
				CLANG_WARN_UNGUARDED_AVAILABILITY = YES_AGGRESSIVE;
				CLANG_WARN_UNREACHABLE_CODE = YES;
				CLANG_WARN__DUPLICATE_METHOD_MATCH = YES;
				COPY_PHASE_STRIP = NO;
				DEBUG_INFORMATION_FORMAT = dwarf;
				ENABLE_STRICT_OBJC_MSGSEND = YES;
				ENABLE_TESTABILITY = YES;
				ENABLE_USER_SCRIPT_SANDBOXING = YES;
				GCC_C_LANGUAGE_STANDARD = gnu17;
				GCC_DYNAMIC_NO_PIC = NO;
				GCC_NO_COMMON_BLOCKS = YES;
				GCC_OPTIMIZATION_LEVEL = 0;
				GCC_PREPROCESSOR_DEFINITIONS = (
					"DEBUG=1",
					"$(inherited)",
				);
				GCC_WARN_64_TO_32_BIT_CONVERSION = YES;
				GCC_WARN_ABOUT_RETURN_TYPE = YES_ERROR;
				GCC_WARN_UNDECLARED_SELECTOR = YES;
				GCC_WARN_UNINITIALIZED_AUTOS = YES_AGGRESSIVE;
				GCC_WARN_UNUSED_FUNCTION = YES;
				GCC_WARN_UNUSED_VARIABLE = YES;
				IPHONEOS_DEPLOYMENT_TARGET = 17.5;
				LOCALIZATION_PREFERS_STRING_CATALOGS = YES;
				MTL_ENABLE_DEBUG_INFO = INCLUDE_SOURCE;
				MTL_FAST_MATH = YES;
				ONLY_ACTIVE_ARCH = YES;
				SDKROOT = iphoneos;
				SWIFT_ACTIVE_COMPILATION_CONDITIONS = "DEBUG $(inherited)";
				SWIFT_OPTIMIZATION_LEVEL = "-Onone";
			};
			name = Debug;
		};
		7285CB6B2CA65AD000198703 /* Release */ = {
			isa = XCBuildConfiguration;
			buildSettings = {
				ALWAYS_SEARCH_USER_PATHS = NO;
				ASSETCATALOG_COMPILER_GENERATE_SWIFT_ASSET_SYMBOL_EXTENSIONS = YES;
				CLANG_ANALYZER_NONNULL = YES;
				CLANG_ANALYZER_NUMBER_OBJECT_CONVERSION = YES_AGGRESSIVE;
				CLANG_CXX_LANGUAGE_STANDARD = "gnu++20";
				CLANG_ENABLE_MODULES = YES;
				CLANG_ENABLE_OBJC_ARC = YES;
				CLANG_ENABLE_OBJC_WEAK = YES;
				CLANG_WARN_BLOCK_CAPTURE_AUTORELEASING = YES;
				CLANG_WARN_BOOL_CONVERSION = YES;
				CLANG_WARN_COMMA = YES;
				CLANG_WARN_CONSTANT_CONVERSION = YES;
				CLANG_WARN_DEPRECATED_OBJC_IMPLEMENTATIONS = YES;
				CLANG_WARN_DIRECT_OBJC_ISA_USAGE = YES_ERROR;
				CLANG_WARN_DOCUMENTATION_COMMENTS = YES;
				CLANG_WARN_EMPTY_BODY = YES;
				CLANG_WARN_ENUM_CONVERSION = YES;
				CLANG_WARN_INFINITE_RECURSION = YES;
				CLANG_WARN_INT_CONVERSION = YES;
				CLANG_WARN_NON_LITERAL_NULL_CONVERSION = YES;
				CLANG_WARN_OBJC_IMPLICIT_RETAIN_SELF = YES;
				CLANG_WARN_OBJC_LITERAL_CONVERSION = YES;
				CLANG_WARN_OBJC_ROOT_CLASS = YES_ERROR;
				CLANG_WARN_QUOTED_INCLUDE_IN_FRAMEWORK_HEADER = YES;
				CLANG_WARN_RANGE_LOOP_ANALYSIS = YES;
				CLANG_WARN_STRICT_PROTOTYPES = YES;
				CLANG_WARN_SUSPICIOUS_MOVE = YES;
				CLANG_WARN_UNGUARDED_AVAILABILITY = YES_AGGRESSIVE;
				CLANG_WARN_UNREACHABLE_CODE = YES;
				CLANG_WARN__DUPLICATE_METHOD_MATCH = YES;
				COPY_PHASE_STRIP = NO;
				DEBUG_INFORMATION_FORMAT = "dwarf-with-dsym";
				ENABLE_NS_ASSERTIONS = NO;
				ENABLE_STRICT_OBJC_MSGSEND = YES;
				ENABLE_USER_SCRIPT_SANDBOXING = YES;
				GCC_C_LANGUAGE_STANDARD = gnu17;
				GCC_NO_COMMON_BLOCKS = YES;
				GCC_WARN_64_TO_32_BIT_CONVERSION = YES;
				GCC_WARN_ABOUT_RETURN_TYPE = YES_ERROR;
				GCC_WARN_UNDECLARED_SELECTOR = YES;
				GCC_WARN_UNINITIALIZED_AUTOS = YES_AGGRESSIVE;
				GCC_WARN_UNUSED_FUNCTION = YES;
				GCC_WARN_UNUSED_VARIABLE = YES;
				IPHONEOS_DEPLOYMENT_TARGET = 17.5;
				LOCALIZATION_PREFERS_STRING_CATALOGS = YES;
				MTL_ENABLE_DEBUG_INFO = NO;
				MTL_FAST_MATH = YES;
				SDKROOT = iphoneos;
				SWIFT_COMPILATION_MODE = wholemodule;
				VALIDATE_PRODUCT = YES;
			};
			name = Release;
		};
		7285CB6D2CA65AD000198703 /* Debug */ = {
			isa = XCBuildConfiguration;
			buildSettings = {
				ASSETCATALOG_COMPILER_APPICON_NAME = AppIcon;
				ASSETCATALOG_COMPILER_GLOBAL_ACCENT_COLOR_NAME = AccentColor;
				CODE_SIGN_STYLE = Automatic;
				CURRENT_PROJECT_VERSION = 1;
				DEVELOPMENT_ASSET_PATHS = "\"WeHR/Preview Content\"";
				DEVELOPMENT_TEAM = 464YC8Z8V2;
				ENABLE_PREVIEWS = YES;
				GENERATE_INFOPLIST_FILE = YES;
				INFOPLIST_FILE = WeHR/Info.plist;
				INFOPLIST_KEY_UIApplicationSceneManifest_Generation = YES;
				INFOPLIST_KEY_UIApplicationSupportsIndirectInputEvents = YES;
				INFOPLIST_KEY_UILaunchScreen_Generation = YES;
				INFOPLIST_KEY_UISupportedInterfaceOrientations_iPad = "UIInterfaceOrientationPortrait UIInterfaceOrientationPortraitUpsideDown UIInterfaceOrientationLandscapeLeft UIInterfaceOrientationLandscapeRight";
				INFOPLIST_KEY_UISupportedInterfaceOrientations_iPhone = "UIInterfaceOrientationPortrait UIInterfaceOrientationLandscapeLeft UIInterfaceOrientationLandscapeRight";
				LD_RUNPATH_SEARCH_PATHS = (
					"$(inherited)",
					"@executable_path/Frameworks",
				);
				MARKETING_VERSION = 1.0;
				PRODUCT_BUNDLE_IDENTIFIER = com.rohit.WeHR;
				PRODUCT_NAME = "$(TARGET_NAME)";
				SWIFT_EMIT_LOC_STRINGS = YES;
				SWIFT_VERSION = 5.0;
				TARGETED_DEVICE_FAMILY = "1,2";
			};
			name = Debug;
		};
		7285CB6E2CA65AD000198703 /* Release */ = {
			isa = XCBuildConfiguration;
			buildSettings = {
				ASSETCATALOG_COMPILER_APPICON_NAME = AppIcon;
				ASSETCATALOG_COMPILER_GLOBAL_ACCENT_COLOR_NAME = AccentColor;
				CODE_SIGN_STYLE = Automatic;
				CURRENT_PROJECT_VERSION = 1;
				DEVELOPMENT_ASSET_PATHS = "\"WeHR/Preview Content\"";
				DEVELOPMENT_TEAM = 464YC8Z8V2;
				ENABLE_PREVIEWS = YES;
				GENERATE_INFOPLIST_FILE = YES;
				INFOPLIST_FILE = WeHR/Info.plist;
				INFOPLIST_KEY_UIApplicationSceneManifest_Generation = YES;
				INFOPLIST_KEY_UIApplicationSupportsIndirectInputEvents = YES;
				INFOPLIST_KEY_UILaunchScreen_Generation = YES;
				INFOPLIST_KEY_UISupportedInterfaceOrientations_iPad = "UIInterfaceOrientationPortrait UIInterfaceOrientationPortraitUpsideDown UIInterfaceOrientationLandscapeLeft UIInterfaceOrientationLandscapeRight";
				INFOPLIST_KEY_UISupportedInterfaceOrientations_iPhone = "UIInterfaceOrientationPortrait UIInterfaceOrientationLandscapeLeft UIInterfaceOrientationLandscapeRight";
				LD_RUNPATH_SEARCH_PATHS = (
					"$(inherited)",
					"@executable_path/Frameworks",
				);
				MARKETING_VERSION = 1.0;
				PRODUCT_BUNDLE_IDENTIFIER = com.rohit.WeHR;
				PRODUCT_NAME = "$(TARGET_NAME)";
				SWIFT_EMIT_LOC_STRINGS = YES;
				SWIFT_VERSION = 5.0;
				TARGETED_DEVICE_FAMILY = "1,2";
			};
			name = Release;
		};
		7285CB702CA65AD000198703 /* Debug */ = {
			isa = XCBuildConfiguration;
			buildSettings = {
				ALWAYS_EMBED_SWIFT_STANDARD_LIBRARIES = YES;
				BUNDLE_LOADER = "$(TEST_HOST)";
				CODE_SIGN_STYLE = Automatic;
				CURRENT_PROJECT_VERSION = 1;
				DEVELOPMENT_TEAM = 464YC8Z8V2;
				GENERATE_INFOPLIST_FILE = YES;
				IPHONEOS_DEPLOYMENT_TARGET = 17.5;
				MARKETING_VERSION = 1.0;
				PRODUCT_BUNDLE_IDENTIFIER = com.rohit.WeHRTests;
				PRODUCT_NAME = "$(TARGET_NAME)";
				SWIFT_EMIT_LOC_STRINGS = NO;
				SWIFT_VERSION = 5.0;
				TARGETED_DEVICE_FAMILY = "1,2";
				TEST_HOST = "$(BUILT_PRODUCTS_DIR)/WeHR.app/$(BUNDLE_EXECUTABLE_FOLDER_PATH)/WeHR";
			};
			name = Debug;
		};
		7285CB712CA65AD000198703 /* Release */ = {
			isa = XCBuildConfiguration;
			buildSettings = {
				ALWAYS_EMBED_SWIFT_STANDARD_LIBRARIES = YES;
				BUNDLE_LOADER = "$(TEST_HOST)";
				CODE_SIGN_STYLE = Automatic;
				CURRENT_PROJECT_VERSION = 1;
				DEVELOPMENT_TEAM = 464YC8Z8V2;
				GENERATE_INFOPLIST_FILE = YES;
				IPHONEOS_DEPLOYMENT_TARGET = 17.5;
				MARKETING_VERSION = 1.0;
				PRODUCT_BUNDLE_IDENTIFIER = com.rohit.WeHRTests;
				PRODUCT_NAME = "$(TARGET_NAME)";
				SWIFT_EMIT_LOC_STRINGS = NO;
				SWIFT_VERSION = 5.0;
				TARGETED_DEVICE_FAMILY = "1,2";
				TEST_HOST = "$(BUILT_PRODUCTS_DIR)/WeHR.app/$(BUNDLE_EXECUTABLE_FOLDER_PATH)/WeHR";
			};
			name = Release;
		};
		7285CB732CA65AD000198703 /* Debug */ = {
			isa = XCBuildConfiguration;
			buildSettings = {
				ALWAYS_EMBED_SWIFT_STANDARD_LIBRARIES = YES;
				CODE_SIGN_STYLE = Automatic;
				CURRENT_PROJECT_VERSION = 1;
				DEVELOPMENT_TEAM = 464YC8Z8V2;
				GENERATE_INFOPLIST_FILE = YES;
				MARKETING_VERSION = 1.0;
				PRODUCT_BUNDLE_IDENTIFIER = com.rohit.WeHRUITests;
				PRODUCT_NAME = "$(TARGET_NAME)";
				SWIFT_EMIT_LOC_STRINGS = NO;
				SWIFT_VERSION = 5.0;
				TARGETED_DEVICE_FAMILY = "1,2";
				TEST_TARGET_NAME = WeHR;
			};
			name = Debug;
		};
		7285CB742CA65AD000198703 /* Release */ = {
			isa = XCBuildConfiguration;
			buildSettings = {
				ALWAYS_EMBED_SWIFT_STANDARD_LIBRARIES = YES;
				CODE_SIGN_STYLE = Automatic;
				CURRENT_PROJECT_VERSION = 1;
				DEVELOPMENT_TEAM = 464YC8Z8V2;
				GENERATE_INFOPLIST_FILE = YES;
				MARKETING_VERSION = 1.0;
				PRODUCT_BUNDLE_IDENTIFIER = com.rohit.WeHRUITests;
				PRODUCT_NAME = "$(TARGET_NAME)";
				SWIFT_EMIT_LOC_STRINGS = NO;
				SWIFT_VERSION = 5.0;
				TARGETED_DEVICE_FAMILY = "1,2";
				TEST_TARGET_NAME = WeHR;
			};
			name = Release;
		};
/* End XCBuildConfiguration section */

/* Begin XCConfigurationList section */
		7285CB432CA65ACF00198703 /* Build configuration list for PBXProject "WeHR" */ = {
			isa = XCConfigurationList;
			buildConfigurations = (
				7285CB6A2CA65AD000198703 /* Debug */,
				7285CB6B2CA65AD000198703 /* Release */,
			);
			defaultConfigurationIsVisible = 0;
			defaultConfigurationName = Release;
		};
		7285CB6C2CA65AD000198703 /* Build configuration list for PBXNativeTarget "WeHR" */ = {
			isa = XCConfigurationList;
			buildConfigurations = (
				7285CB6D2CA65AD000198703 /* Debug */,
				7285CB6E2CA65AD000198703 /* Release */,
			);
			defaultConfigurationIsVisible = 0;
			defaultConfigurationName = Release;
		};
		7285CB6F2CA65AD000198703 /* Build configuration list for PBXNativeTarget "WeHRTests" */ = {
			isa = XCConfigurationList;
			buildConfigurations = (
				7285CB702CA65AD000198703 /* Debug */,
				7285CB712CA65AD000198703 /* Release */,
			);
			defaultConfigurationIsVisible = 0;
			defaultConfigurationName = Release;
		};
		7285CB722CA65AD000198703 /* Build configuration list for PBXNativeTarget "WeHRUITests" */ = {
			isa = XCConfigurationList;
			buildConfigurations = (
				7285CB732CA65AD000198703 /* Debug */,
				7285CB742CA65AD000198703 /* Release */,
			);
			defaultConfigurationIsVisible = 0;
			defaultConfigurationName = Release;
		};
/* End XCConfigurationList section */

/* Begin XCRemoteSwiftPackageReference section */
		72E157262CABDF1100991EF4 /* XCRemoteSwiftPackageReference "firebase-ios-sdk" */ = {
			isa = XCRemoteSwiftPackageReference;
			repositoryURL = "https://github.com/firebase/firebase-ios-sdk";
			requirement = {
				kind = upToNextMajorVersion;
				minimumVersion = 11.3.0;
			};
		};
		72E1572C2CABE1F900991EF4 /* XCRemoteSwiftPackageReference "GoogleSignIn-iOS" */ = {
			isa = XCRemoteSwiftPackageReference;
			repositoryURL = "https://github.com/google/GoogleSignIn-iOS";
			requirement = {
				kind = upToNextMajorVersion;
				minimumVersion = 8.0.0;
			};
		};
/* End XCRemoteSwiftPackageReference section */

/* Begin XCSwiftPackageProductDependency section */
		72E157272CABDF1100991EF4 /* FirebaseAnalytics */ = {
			isa = XCSwiftPackageProductDependency;
			package = 72E157262CABDF1100991EF4 /* XCRemoteSwiftPackageReference "firebase-ios-sdk" */;
			productName = FirebaseAnalytics;
		};
		72E157292CABDF1100991EF4 /* FirebaseAuth */ = {
			isa = XCSwiftPackageProductDependency;
			package = 72E157262CABDF1100991EF4 /* XCRemoteSwiftPackageReference "firebase-ios-sdk" */;
			productName = FirebaseAuth;
		};
		72E1572D2CABE1F900991EF4 /* GoogleSignIn */ = {
			isa = XCSwiftPackageProductDependency;
			package = 72E1572C2CABE1F900991EF4 /* XCRemoteSwiftPackageReference "GoogleSignIn-iOS" */;
			productName = GoogleSignIn;
		};
		72E1572F2CABE1F900991EF4 /* GoogleSignInSwift */ = {
			isa = XCSwiftPackageProductDependency;
			package = 72E1572C2CABE1F900991EF4 /* XCRemoteSwiftPackageReference "GoogleSignIn-iOS" */;
			productName = GoogleSignInSwift;
		};
/* End XCSwiftPackageProductDependency section */
	};
	rootObject = 7285CB402CA65ACF00198703 /* Project object */;
}
